
Microsoft Visual Studio Solution File, Format Version 11.00
# Visual Studio 2010
Project("{FAE04EC0-301F-11D3-BF4B-00C04F79EFBC}") = "Grafos", "Grafos.csproj", "{AF2E2C37-9F1D-4D32-AE62-8484B0A9DD50}"
EndProject
Project("{FAE04EC0-301F-11D3-BF4B-00C04F79EFBC}") = "GrafosTest", "GrafosTest\GrafosTest.csproj", "{1145A7FB-2B97-404D-929C-5440FD7396D3}"
EndProject
Global
	GlobalSection(SolutionConfigurationPlatforms) = preSolution
		Debug|Any CPU = Debug|Any CPU
		Release|Any CPU = Release|Any CPU
	EndGlobalSection
	GlobalSection(ProjectConfigurationPlatforms) = postSolution
		{1145A7FB-2B97-404D-929C-5440FD7396D3}.Debug|Any CPU.ActiveCfg = Debug|Any CPU
		{1145A7FB-2B97-404D-929C-5440FD7396D3}.Debug|Any CPU.Build.0 = Debug|Any CPU
		{1145A7FB-2B97-404D-929C-5440FD7396D3}.Release|Any CPU.ActiveCfg = Release|Any CPU
		{AF2E2C37-9F1D-4D32-AE62-8484B0A9DD50}.Debug|Any CPU.ActiveCfg = Debug|Any CPU
		{AF2E2C37-9F1D-4D32-AE62-8484B0A9DD50}.Debug|Any CPU.Build.0 = Debug|Any CPU
		{AF2E2C37-9F1D-4D32-AE62-8484B0A9DD50}.Release|Any CPU.ActiveCfg = Release|Any CPU
		{AF2E2C37-9F1D-4D32-AE62-8484B0A9DD50}.Release|Any CPU.Build.0 = Release|Any CPU
	EndGlobalSection
	GlobalSection(MonoDevelopProperties) = preSolution
		Policies = $0
		$0.TextStylePolicy = $1
		$1.scope = text/x-csharp
		$0.CSharpFormattingPolicy = $2
		$2.AutoPropertyFormatting = ForceOneLine
		$2.AnonymousMethodBraceStyle = NextLine
		$2.PropertyBraceStyle = NextLine
		$2.PropertyGetBraceStyle = NextLine
		$2.PropertySetBraceStyle = NextLine
		$2.EventBraceStyle = NextLine
		$2.EventAddBraceStyle = NextLine
		$2.StatementBraceStyle = NextLine
		$2.ElseNewLinePlacement = NewLine
		$2.ElseIfNewLinePlacement = NewLine
		$2.CatchNewLinePlacement = NewLine
		$2.FinallyNewLinePlacement = NewLine
		$2.NewLineBeforeConstructorInitializerColon = NewLine
		$2.AfterDelegateDeclarationParameterComma = True
		$2.SpaceAroundUnsafeArrowOperator = True
		$2.BeforeSizeOfParentheses = True
		$2.BeforeTypeOfParentheses = True
		$2.MethodCallArgumentWrapping = WrapIfTooLong
		$2.AlignToFirstMethodCallArgument = True
		$2.MethodDeclarationParameterWrapping = WrapIfTooLong
		$2.IndexerDeclarationParameterWrapping = WrapIfTooLong
		$2.IndexerArgumentWrapping = WrapIfTooLong
		$2.AlignToFirstIndexerArgument = True
		$2.scope = text/x-csharp
		$2.IndentSwitchCaseSection = True
		$2.NewLinesForBracesInProperties = False
		$2.NewLinesForBracesInAccessors = False
		$2.NewLinesForBracesInAnonymousMethods = False
		$2.NewLinesForBracesInControlBlocks = False
		$2.NewLinesForBracesInAnonymousTypes = False
		$2.NewLinesForBracesInObjectCollectionArrayInitializers = False
		$2.NewLinesForBracesInLambdaExpressionBody = False
		$2.NewLineForElse = False
		$2.NewLineForCatch = False
		$2.NewLineForFinally = False
		$2.NewLineForClausesInQuery = False
		$2.SpaceBeforeOpenSquareBracket = True
		$0.TextStylePolicy = $3
		$3.scope = text/plain
		$0.VersionControlPolicy = $4
		$0.StandardHeader = $5
		version = 0.2.2.1
	EndGlobalSection
EndGlobal
